
Microsoft Visual Studio Solution File, Format Version 12.00
# Visual Studio Version 17
VisualStudioVersion = 17.5.33530.505
MinimumVisualStudioVersion = 10.0.40219.1
Project("{FAE04EC0-301F-11D3-BF4B-00C04F79EFBC}") = "ServiciosLinqEscolar", "ServiciosLinqEscolar\ServiciosLinqEscolar.csproj", "{41868726-8600-4A25-A0BC-8E053A7B161E}"
EndProject
Project("{FAE04EC0-301F-11D3-BF4B-00C04F79EFBC}") = "FrontEndEscolar", "FrontEndEscolar\FrontEndEscolar.csproj", "{BA2E89FC-899B-4C16-A6AC-C2D7FFF26170}"
EndProject
Global
	GlobalSection(SolutionConfigurationPlatforms) = preSolution
		Debug|Any CPU = Debug|Any CPU
		Release|Any CPU = Release|Any CPU
	EndGlobalSection
	GlobalSection(ProjectConfigurationPlatforms) = postSolution
		{41868726-8600-4A25-A0BC-8E053A7B161E}.Debug|Any CPU.ActiveCfg = Debug|Any CPU
		{41868726-8600-4A25-A0BC-8E053A7B161E}.Debug|Any CPU.Build.0 = Debug|Any CPU
		{41868726-8600-4A25-A0BC-8E053A7B161E}.Release|Any CPU.ActiveCfg = Release|Any CPU
		{41868726-8600-4A25-A0BC-8E053A7B161E}.Release|Any CPU.Build.0 = Release|Any CPU
		{BA2E89FC-899B-4C16-A6AC-C2D7FFF26170}.Debug|Any CPU.ActiveCfg = Debug|Any CPU
		{BA2E89FC-899B-4C16-A6AC-C2D7FFF26170}.Debug|Any CPU.Build.0 = Debug|Any CPU
		{BA2E89FC-899B-4C16-A6AC-C2D7FFF26170}.Release|Any CPU.ActiveCfg = Release|Any CPU
		{BA2E89FC-899B-4C16-A6AC-C2D7FFF26170}.Release|Any CPU.Build.0 = Release|Any CPU
	EndGlobalSection
	GlobalSection(SolutionProperties) = preSolution
		HideSolutionNode = FALSE
	EndGlobalSection
	GlobalSection(ExtensibilityGlobals) = postSolution
		SolutionGuid = {3CED5238-3EE0-4C7A-8AAF-620B87309B0D}
	EndGlobalSection
EndGlobal
